
Microsoft Visual Studio Solution File, Format Version 12.00
# Visual Studio Version 17
VisualStudioVersion = 17.1.32210.238
MinimumVisualStudioVersion = 10.0.40219.1
Project("{2150E333-8FDC-42A3-9474-1A3956D46DE8}") = "src", "src", "{337B8F4F-7762-4737-8A7A-799D790E9107}"
EndProject
Project("{2150E333-8FDC-42A3-9474-1A3956D46DE8}") = "tests", "tests", "{BA98E0E8-A0AC-40C7-BF05-DF05CAEEAAA9}"
EndProject
Project("{2150E333-8FDC-42A3-9474-1A3956D46DE8}") = "apps", "apps", "{B2D5F4E1-BF1D-4DF7-A077-B5FD0FD9E32B}"
EndProject
Project("{2150E333-8FDC-42A3-9474-1A3956D46DE8}") = "externals", "externals", "{FC31FCB4-071D-47E2-B002-C1275D66A13F}"
EndProject
Project("{2150E333-8FDC-42A3-9474-1A3956D46DE8}") = "contracts", "contracts", "{E10253C9-8F29-421F-A5D9-BFD9EE75061C}"
EndProject
Project("{2150E333-8FDC-42A3-9474-1A3956D46DE8}") = "dal", "dal", "{87C0A3E0-E935-4CAB-8E5B-346ED0AD780E}"
EndProject
Project("{2150E333-8FDC-42A3-9474-1A3956D46DE8}") = "services", "services", "{B92D9AD2-558D-472C-8E11-7FC57F252850}"
EndProject
Project("{9A19103F-16F7-4668-BE54-9A1E7A4F7556}") = "Poc.Method.Dal.Sql", "src\dal\Poc.Method.Dal.Sql\Poc.Method.Dal.Sql.csproj", "{8F1C82BB-98D1-4CF3-B062-AA25059B3C1B}"
EndProject
Project("{2150E333-8FDC-42A3-9474-1A3956D46DE8}") = "managers", "managers", "{E158221E-E0F0-41B2-8F07-FA5C09608D7A}"
EndProject
Project("{2150E333-8FDC-42A3-9474-1A3956D46DE8}") = "resource-access", "resource-access", "{84AF3000-B1FE-4C50-A0C4-5D39C14F874C}"
EndProject
Project("{9A19103F-16F7-4668-BE54-9A1E7A4F7556}") = "Poc.Method.ContextStorageAccess", "src\contracts\resource-access\Poc.Method.ContextStorageAccess\Poc.Method.ContextStorageAccess.csproj", "{C1C5563F-9559-4330-ADCC-54C4436C21AD}"
EndProject
Project("{9A19103F-16F7-4668-BE54-9A1E7A4F7556}") = "Poc.Method.Core", "src\contracts\Poc.Method.Core\Poc.Method.Core.csproj", "{AF979140-6008-4024-B038-3DE7588E93EA}"
EndProject
Project("{9A19103F-16F7-4668-BE54-9A1E7A4F7556}") = "Poc.Method.ExternalAppRedAccess", "src\contracts\resource-access\Poc.Method.ExternalAppRedAccess\Poc.Method.ExternalAppRedAccess.csproj", "{A0DE24CC-0927-4D9F-AB71-FE84725323C8}"
EndProject
Project("{9A19103F-16F7-4668-BE54-9A1E7A4F7556}") = "Poc.Method.ExternalAppYellowAccess", "src\contracts\resource-access\Poc.Method.ExternalAppYellowAccess\Poc.Method.ExternalAppYellowAccess.csproj", "{C0544E8F-DB6B-4F0D-A378-4A896B904844}"
EndProject
Project("{2150E333-8FDC-42A3-9474-1A3956D46DE8}") = "managers", "managers", "{F2E84E59-CB20-4AAC-AFE4-219624A84652}"
EndProject
Project("{2150E333-8FDC-42A3-9474-1A3956D46DE8}") = "resource-access", "resource-access", "{2156D3EA-9587-48F9-A359-F481BC71B9E5}"
EndProject
Project("{9A19103F-16F7-4668-BE54-9A1E7A4F7556}") = "Poc.Method.Service.ContextStorageAccess", "src\services\resource-access\Poc.Method.Service.ContextStorageAccess\Poc.Method.Service.ContextStorageAccess.csproj", "{0EB8CCEE-0742-47D2-B0F7-E81F1CD7268D}"
EndProject
Project("{2150E333-8FDC-42A3-9474-1A3956D46DE8}") = "services", "services", "{F09B8E7C-BD16-4828-9C88-7DB710803F1C}"
EndProject
Project("{2150E333-8FDC-42A3-9474-1A3956D46DE8}") = "managers", "managers", "{9EC62147-B934-4A0D-B142-B81E887FE512}"
EndProject
Project("{2150E333-8FDC-42A3-9474-1A3956D46DE8}") = "resource-access", "resource-access", "{11A7B21B-D612-411D-8F94-FBD81BFE04F4}"
EndProject
Project("{9A19103F-16F7-4668-BE54-9A1E7A4F7556}") = "Poc.Method.Tests.ContextStorageAccess", "tests\services\resource-access\Poc.Method.Tests.ContextStorageAccess\Poc.Method.Tests.ContextStorageAccess.csproj", "{10F602DE-F2F2-4D93-B0FA-52E0D16CE566}"
EndProject
Project("{9A19103F-16F7-4668-BE54-9A1E7A4F7556}") = "Poc.Method.AppRedAPI", "src\apps\externals\Poc.Method.AppRedAPI\Poc.Method.AppRedAPI.csproj", "{FFAC6D5D-50E0-41D0-8FB9-588287E25A38}"
EndProject
Project("{9A19103F-16F7-4668-BE54-9A1E7A4F7556}") = "Poc.Method.AppYellowAPI", "src\apps\externals\Poc.Method.AppYellowAPI\Poc.Method.AppYellowAPI.csproj", "{811A67A6-8070-4C29-A1B5-4F46E2D9BD1A}"
EndProject
Project("{9A19103F-16F7-4668-BE54-9A1E7A4F7556}") = "Poc.Method.Service.ExternalAppRedAccess", "src\services\resource-access\Poc.Method.Service.ExternalAppRedAccess\Poc.Method.Service.ExternalAppRedAccess.csproj", "{A039018B-EC69-4AE3-942A-7E12CD5B7975}"
EndProject
Project("{9A19103F-16F7-4668-BE54-9A1E7A4F7556}") = "Poc.Method.Tests.ExternalAppRedAccess", "tests\services\resource-access\Poc.Method.Tests.ExternalAppRedAccess\Poc.Method.Tests.ExternalAppRedAccess.csproj", "{B8D019F2-ECC5-4801-8AF7-C2E9B8FEAC27}"
EndProject
Project("{9A19103F-16F7-4668-BE54-9A1E7A4F7556}") = "Poc.Method.Service.ExternalAppYellowAccess", "src\services\resource-access\Poc.Method.Service.ExternalAppYellowAccess\Poc.Method.Service.ExternalAppYellowAccess.csproj", "{6234DEC9-FD2D-4F9E-A048-8829E2FB9F80}"
EndProject
Project("{9A19103F-16F7-4668-BE54-9A1E7A4F7556}") = "Poc.Method.Tests.ExternalAppYellowAccess", "tests\services\resource-access\Poc.Method.Tests.ExternalAppYellowAccess\Poc.Method.Tests.ExternalAppYellowAccess.csproj", "{3C635FC4-9666-4765-A5DC-117A8AC08455}"
EndProject
Project("{9A19103F-16F7-4668-BE54-9A1E7A4F7556}") = "Poc.Method.CompanyManager", "src\contracts\managers\Poc.Method.CompanyManager\Poc.Method.CompanyManager.csproj", "{4E9E9074-02F9-4835-99B8-843C063591D5}"
EndProject
Project("{9A19103F-16F7-4668-BE54-9A1E7A4F7556}") = "Poc.Method.PersonManager", "src\contracts\managers\Poc.Method.PersonManager\Poc.Method.PersonManager.csproj", "{246BC8A6-7621-4B22-8490-843706388C43}"
EndProject
Project("{9A19103F-16F7-4668-BE54-9A1E7A4F7556}") = "Poc.Method.CompanyManagerService", "src\services\managers\Poc.Method.CompanyManagerService\Poc.Method.CompanyManagerService.csproj", "{BFA883BB-8C13-475F-89D6-FCD8D14808ED}"
EndProject
Project("{9A19103F-16F7-4668-BE54-9A1E7A4F7556}") = "Poc.Method.Tests.CompanyManagerService", "tests\services\managers\Poc.Method.Tests.CompanyManagerService\Poc.Method.Tests.CompanyManagerService.csproj", "{F66A068E-0A10-430B-B90E-5FB38C04077F}"
EndProject
Project("{9A19103F-16F7-4668-BE54-9A1E7A4F7556}") = "Poc.Method.PersonManagerService", "src\services\managers\Poc.Method.PersonManagerService\Poc.Method.PersonManagerService.csproj", "{432A1165-0FF5-4097-AA81-9C63BCBC142E}"
EndProject
Project("{9A19103F-16F7-4668-BE54-9A1E7A4F7556}") = "Poc.Method.Tests.PersonManagerService", "tests\services\managers\Poc.Method.Tests.PersonManagerService\Poc.Method.Tests.PersonManagerService.csproj", "{1EDCF311-33DC-4384-B4E2-6204398B7F27}"
EndProject
Project("{9A19103F-16F7-4668-BE54-9A1E7A4F7556}") = "API", "src\apps\API\API.csproj", "{445C3669-5816-466F-898E-E68C7673852A}"
EndProject
Project("{9A19103F-16F7-4668-BE54-9A1E7A4F7556}") = "Web", "src\apps\Web\Web.csproj", "{2FE9CFAE-3D55-46CE-BA87-1A7C1F05EDA2}"
EndProject
Project("{2150E333-8FDC-42A3-9474-1A3956D46DE8}") = "items", "items", "{B931BAAE-36EC-49B5-B256-4904DFB178A3}"
	ProjectSection(SolutionItems) = preProject
		README.md = README.md
		tye.yaml = tye.yaml
	EndProjectSection
EndProject
Project("{2150E333-8FDC-42A3-9474-1A3956D46DE8}") = "docs", "docs", "{00BA04DF-6249-432D-B4E8-EDA31631E1C6}"
	ProjectSection(SolutionItems) = preProject
		docs\architecture.md = docs\architecture.md
		docs\README.md = docs\README.md
		docs\tye.md = docs\tye.md
	EndProjectSection
EndProject
Global
	GlobalSection(SolutionConfigurationPlatforms) = preSolution
		Debug|Any CPU = Debug|Any CPU
		Release|Any CPU = Release|Any CPU
	EndGlobalSection
	GlobalSection(ProjectConfigurationPlatforms) = postSolution
		{8F1C82BB-98D1-4CF3-B062-AA25059B3C1B}.Debug|Any CPU.ActiveCfg = Debug|Any CPU
		{8F1C82BB-98D1-4CF3-B062-AA25059B3C1B}.Debug|Any CPU.Build.0 = Debug|Any CPU
		{8F1C82BB-98D1-4CF3-B062-AA25059B3C1B}.Release|Any CPU.ActiveCfg = Release|Any CPU
		{8F1C82BB-98D1-4CF3-B062-AA25059B3C1B}.Release|Any CPU.Build.0 = Release|Any CPU
		{C1C5563F-9559-4330-ADCC-54C4436C21AD}.Debug|Any CPU.ActiveCfg = Debug|Any CPU
		{C1C5563F-9559-4330-ADCC-54C4436C21AD}.Debug|Any CPU.Build.0 = Debug|Any CPU
		{C1C5563F-9559-4330-ADCC-54C4436C21AD}.Release|Any CPU.ActiveCfg = Release|Any CPU
		{C1C5563F-9559-4330-ADCC-54C4436C21AD}.Release|Any CPU.Build.0 = Release|Any CPU
		{AF979140-6008-4024-B038-3DE7588E93EA}.Debug|Any CPU.ActiveCfg = Debug|Any CPU
		{AF979140-6008-4024-B038-3DE7588E93EA}.Debug|Any CPU.Build.0 = Debug|Any CPU
		{AF979140-6008-4024-B038-3DE7588E93EA}.Release|Any CPU.ActiveCfg = Release|Any CPU
		{AF979140-6008-4024-B038-3DE7588E93EA}.Release|Any CPU.Build.0 = Release|Any CPU
		{A0DE24CC-0927-4D9F-AB71-FE84725323C8}.Debug|Any CPU.ActiveCfg = Debug|Any CPU
		{A0DE24CC-0927-4D9F-AB71-FE84725323C8}.Debug|Any CPU.Build.0 = Debug|Any CPU
		{A0DE24CC-0927-4D9F-AB71-FE84725323C8}.Release|Any CPU.ActiveCfg = Release|Any CPU
		{A0DE24CC-0927-4D9F-AB71-FE84725323C8}.Release|Any CPU.Build.0 = Release|Any CPU
		{C0544E8F-DB6B-4F0D-A378-4A896B904844}.Debug|Any CPU.ActiveCfg = Debug|Any CPU
		{C0544E8F-DB6B-4F0D-A378-4A896B904844}.Debug|Any CPU.Build.0 = Debug|Any CPU
		{C0544E8F-DB6B-4F0D-A378-4A896B904844}.Release|Any CPU.ActiveCfg = Release|Any CPU
		{C0544E8F-DB6B-4F0D-A378-4A896B904844}.Release|Any CPU.Build.0 = Release|Any CPU
		{0EB8CCEE-0742-47D2-B0F7-E81F1CD7268D}.Debug|Any CPU.ActiveCfg = Debug|Any CPU
		{0EB8CCEE-0742-47D2-B0F7-E81F1CD7268D}.Debug|Any CPU.Build.0 = Debug|Any CPU
		{0EB8CCEE-0742-47D2-B0F7-E81F1CD7268D}.Release|Any CPU.ActiveCfg = Release|Any CPU
		{0EB8CCEE-0742-47D2-B0F7-E81F1CD7268D}.Release|Any CPU.Build.0 = Release|Any CPU
		{10F602DE-F2F2-4D93-B0FA-52E0D16CE566}.Debug|Any CPU.ActiveCfg = Debug|Any CPU
		{10F602DE-F2F2-4D93-B0FA-52E0D16CE566}.Debug|Any CPU.Build.0 = Debug|Any CPU
		{10F602DE-F2F2-4D93-B0FA-52E0D16CE566}.Release|Any CPU.ActiveCfg = Release|Any CPU
		{10F602DE-F2F2-4D93-B0FA-52E0D16CE566}.Release|Any CPU.Build.0 = Release|Any CPU
		{FFAC6D5D-50E0-41D0-8FB9-588287E25A38}.Debug|Any CPU.ActiveCfg = Debug|Any CPU
		{FFAC6D5D-50E0-41D0-8FB9-588287E25A38}.Debug|Any CPU.Build.0 = Debug|Any CPU
		{FFAC6D5D-50E0-41D0-8FB9-588287E25A38}.Release|Any CPU.ActiveCfg = Release|Any CPU
		{FFAC6D5D-50E0-41D0-8FB9-588287E25A38}.Release|Any CPU.Build.0 = Release|Any CPU
		{811A67A6-8070-4C29-A1B5-4F46E2D9BD1A}.Debug|Any CPU.ActiveCfg = Debug|Any CPU
		{811A67A6-8070-4C29-A1B5-4F46E2D9BD1A}.Debug|Any CPU.Build.0 = Debug|Any CPU
		{811A67A6-8070-4C29-A1B5-4F46E2D9BD1A}.Release|Any CPU.ActiveCfg = Release|Any CPU
		{811A67A6-8070-4C29-A1B5-4F46E2D9BD1A}.Release|Any CPU.Build.0 = Release|Any CPU
		{A039018B-EC69-4AE3-942A-7E12CD5B7975}.Debug|Any CPU.ActiveCfg = Debug|Any CPU
		{A039018B-EC69-4AE3-942A-7E12CD5B7975}.Debug|Any CPU.Build.0 = Debug|Any CPU
		{A039018B-EC69-4AE3-942A-7E12CD5B7975}.Release|Any CPU.ActiveCfg = Release|Any CPU
		{A039018B-EC69-4AE3-942A-7E12CD5B7975}.Release|Any CPU.Build.0 = Release|Any CPU
		{B8D019F2-ECC5-4801-8AF7-C2E9B8FEAC27}.Debug|Any CPU.ActiveCfg = Debug|Any CPU
		{B8D019F2-ECC5-4801-8AF7-C2E9B8FEAC27}.Debug|Any CPU.Build.0 = Debug|Any CPU
		{B8D019F2-ECC5-4801-8AF7-C2E9B8FEAC27}.Release|Any CPU.ActiveCfg = Release|Any CPU
		{B8D019F2-ECC5-4801-8AF7-C2E9B8FEAC27}.Release|Any CPU.Build.0 = Release|Any CPU
		{6234DEC9-FD2D-4F9E-A048-8829E2FB9F80}.Debug|Any CPU.ActiveCfg = Debug|Any CPU
		{6234DEC9-FD2D-4F9E-A048-8829E2FB9F80}.Debug|Any CPU.Build.0 = Debug|Any CPU
		{6234DEC9-FD2D-4F9E-A048-8829E2FB9F80}.Release|Any CPU.ActiveCfg = Release|Any CPU
		{6234DEC9-FD2D-4F9E-A048-8829E2FB9F80}.Release|Any CPU.Build.0 = Release|Any CPU
		{3C635FC4-9666-4765-A5DC-117A8AC08455}.Debug|Any CPU.ActiveCfg = Debug|Any CPU
		{3C635FC4-9666-4765-A5DC-117A8AC08455}.Debug|Any CPU.Build.0 = Debug|Any CPU
		{3C635FC4-9666-4765-A5DC-117A8AC08455}.Release|Any CPU.ActiveCfg = Release|Any CPU
		{3C635FC4-9666-4765-A5DC-117A8AC08455}.Release|Any CPU.Build.0 = Release|Any CPU
		{4E9E9074-02F9-4835-99B8-843C063591D5}.Debug|Any CPU.ActiveCfg = Debug|Any CPU
		{4E9E9074-02F9-4835-99B8-843C063591D5}.Debug|Any CPU.Build.0 = Debug|Any CPU
		{4E9E9074-02F9-4835-99B8-843C063591D5}.Release|Any CPU.ActiveCfg = Release|Any CPU
		{4E9E9074-02F9-4835-99B8-843C063591D5}.Release|Any CPU.Build.0 = Release|Any CPU
		{246BC8A6-7621-4B22-8490-843706388C43}.Debug|Any CPU.ActiveCfg = Debug|Any CPU
		{246BC8A6-7621-4B22-8490-843706388C43}.Debug|Any CPU.Build.0 = Debug|Any CPU
		{246BC8A6-7621-4B22-8490-843706388C43}.Release|Any CPU.ActiveCfg = Release|Any CPU
		{246BC8A6-7621-4B22-8490-843706388C43}.Release|Any CPU.Build.0 = Release|Any CPU
		{BFA883BB-8C13-475F-89D6-FCD8D14808ED}.Debug|Any CPU.ActiveCfg = Debug|Any CPU
		{BFA883BB-8C13-475F-89D6-FCD8D14808ED}.Debug|Any CPU.Build.0 = Debug|Any CPU
		{BFA883BB-8C13-475F-89D6-FCD8D14808ED}.Release|Any CPU.ActiveCfg = Release|Any CPU
		{BFA883BB-8C13-475F-89D6-FCD8D14808ED}.Release|Any CPU.Build.0 = Release|Any CPU
		{F66A068E-0A10-430B-B90E-5FB38C04077F}.Debug|Any CPU.ActiveCfg = Debug|Any CPU
		{F66A068E-0A10-430B-B90E-5FB38C04077F}.Debug|Any CPU.Build.0 = Debug|Any CPU
		{F66A068E-0A10-430B-B90E-5FB38C04077F}.Release|Any CPU.ActiveCfg = Release|Any CPU
		{F66A068E-0A10-430B-B90E-5FB38C04077F}.Release|Any CPU.Build.0 = Release|Any CPU
		{432A1165-0FF5-4097-AA81-9C63BCBC142E}.Debug|Any CPU.ActiveCfg = Debug|Any CPU
		{432A1165-0FF5-4097-AA81-9C63BCBC142E}.Debug|Any CPU.Build.0 = Debug|Any CPU
		{432A1165-0FF5-4097-AA81-9C63BCBC142E}.Release|Any CPU.ActiveCfg = Release|Any CPU
		{432A1165-0FF5-4097-AA81-9C63BCBC142E}.Release|Any CPU.Build.0 = Release|Any CPU
		{1EDCF311-33DC-4384-B4E2-6204398B7F27}.Debug|Any CPU.ActiveCfg = Debug|Any CPU
		{1EDCF311-33DC-4384-B4E2-6204398B7F27}.Debug|Any CPU.Build.0 = Debug|Any CPU
		{1EDCF311-33DC-4384-B4E2-6204398B7F27}.Release|Any CPU.ActiveCfg = Release|Any CPU
		{1EDCF311-33DC-4384-B4E2-6204398B7F27}.Release|Any CPU.Build.0 = Release|Any CPU
		{445C3669-5816-466F-898E-E68C7673852A}.Debug|Any CPU.ActiveCfg = Debug|Any CPU
		{445C3669-5816-466F-898E-E68C7673852A}.Debug|Any CPU.Build.0 = Debug|Any CPU
		{445C3669-5816-466F-898E-E68C7673852A}.Release|Any CPU.ActiveCfg = Release|Any CPU
		{445C3669-5816-466F-898E-E68C7673852A}.Release|Any CPU.Build.0 = Release|Any CPU
		{2FE9CFAE-3D55-46CE-BA87-1A7C1F05EDA2}.Debug|Any CPU.ActiveCfg = Debug|Any CPU
		{2FE9CFAE-3D55-46CE-BA87-1A7C1F05EDA2}.Debug|Any CPU.Build.0 = Debug|Any CPU
		{2FE9CFAE-3D55-46CE-BA87-1A7C1F05EDA2}.Release|Any CPU.ActiveCfg = Release|Any CPU
		{2FE9CFAE-3D55-46CE-BA87-1A7C1F05EDA2}.Release|Any CPU.Build.0 = Release|Any CPU
	EndGlobalSection
	GlobalSection(SolutionProperties) = preSolution
		HideSolutionNode = FALSE
	EndGlobalSection
	GlobalSection(NestedProjects) = preSolution
		{B2D5F4E1-BF1D-4DF7-A077-B5FD0FD9E32B} = {337B8F4F-7762-4737-8A7A-799D790E9107}
		{FC31FCB4-071D-47E2-B002-C1275D66A13F} = {B2D5F4E1-BF1D-4DF7-A077-B5FD0FD9E32B}
		{E10253C9-8F29-421F-A5D9-BFD9EE75061C} = {337B8F4F-7762-4737-8A7A-799D790E9107}
		{87C0A3E0-E935-4CAB-8E5B-346ED0AD780E} = {337B8F4F-7762-4737-8A7A-799D790E9107}
		{B92D9AD2-558D-472C-8E11-7FC57F252850} = {337B8F4F-7762-4737-8A7A-799D790E9107}
		{8F1C82BB-98D1-4CF3-B062-AA25059B3C1B} = {87C0A3E0-E935-4CAB-8E5B-346ED0AD780E}
		{E158221E-E0F0-41B2-8F07-FA5C09608D7A} = {E10253C9-8F29-421F-A5D9-BFD9EE75061C}
		{84AF3000-B1FE-4C50-A0C4-5D39C14F874C} = {E10253C9-8F29-421F-A5D9-BFD9EE75061C}
		{C1C5563F-9559-4330-ADCC-54C4436C21AD} = {84AF3000-B1FE-4C50-A0C4-5D39C14F874C}
		{AF979140-6008-4024-B038-3DE7588E93EA} = {E10253C9-8F29-421F-A5D9-BFD9EE75061C}
		{A0DE24CC-0927-4D9F-AB71-FE84725323C8} = {84AF3000-B1FE-4C50-A0C4-5D39C14F874C}
		{C0544E8F-DB6B-4F0D-A378-4A896B904844} = {84AF3000-B1FE-4C50-A0C4-5D39C14F874C}
		{F2E84E59-CB20-4AAC-AFE4-219624A84652} = {B92D9AD2-558D-472C-8E11-7FC57F252850}
		{2156D3EA-9587-48F9-A359-F481BC71B9E5} = {B92D9AD2-558D-472C-8E11-7FC57F252850}
		{0EB8CCEE-0742-47D2-B0F7-E81F1CD7268D} = {2156D3EA-9587-48F9-A359-F481BC71B9E5}
		{F09B8E7C-BD16-4828-9C88-7DB710803F1C} = {BA98E0E8-A0AC-40C7-BF05-DF05CAEEAAA9}
		{9EC62147-B934-4A0D-B142-B81E887FE512} = {F09B8E7C-BD16-4828-9C88-7DB710803F1C}
		{11A7B21B-D612-411D-8F94-FBD81BFE04F4} = {F09B8E7C-BD16-4828-9C88-7DB710803F1C}
		{10F602DE-F2F2-4D93-B0FA-52E0D16CE566} = {11A7B21B-D612-411D-8F94-FBD81BFE04F4}
		{FFAC6D5D-50E0-41D0-8FB9-588287E25A38} = {FC31FCB4-071D-47E2-B002-C1275D66A13F}
		{811A67A6-8070-4C29-A1B5-4F46E2D9BD1A} = {FC31FCB4-071D-47E2-B002-C1275D66A13F}
		{A039018B-EC69-4AE3-942A-7E12CD5B7975} = {2156D3EA-9587-48F9-A359-F481BC71B9E5}
		{B8D019F2-ECC5-4801-8AF7-C2E9B8FEAC27} = {11A7B21B-D612-411D-8F94-FBD81BFE04F4}
		{6234DEC9-FD2D-4F9E-A048-8829E2FB9F80} = {2156D3EA-9587-48F9-A359-F481BC71B9E5}
		{3C635FC4-9666-4765-A5DC-117A8AC08455} = {11A7B21B-D612-411D-8F94-FBD81BFE04F4}
		{4E9E9074-02F9-4835-99B8-843C063591D5} = {E158221E-E0F0-41B2-8F07-FA5C09608D7A}
		{246BC8A6-7621-4B22-8490-843706388C43} = {E158221E-E0F0-41B2-8F07-FA5C09608D7A}
		{BFA883BB-8C13-475F-89D6-FCD8D14808ED} = {F2E84E59-CB20-4AAC-AFE4-219624A84652}
		{F66A068E-0A10-430B-B90E-5FB38C04077F} = {9EC62147-B934-4A0D-B142-B81E887FE512}
		{432A1165-0FF5-4097-AA81-9C63BCBC142E} = {F2E84E59-CB20-4AAC-AFE4-219624A84652}
		{1EDCF311-33DC-4384-B4E2-6204398B7F27} = {9EC62147-B934-4A0D-B142-B81E887FE512}
		{445C3669-5816-466F-898E-E68C7673852A} = {B2D5F4E1-BF1D-4DF7-A077-B5FD0FD9E32B}
		{2FE9CFAE-3D55-46CE-BA87-1A7C1F05EDA2} = {B2D5F4E1-BF1D-4DF7-A077-B5FD0FD9E32B}
	EndGlobalSection
	GlobalSection(ExtensibilityGlobals) = postSolution
		SolutionGuid = {89CB2DA7-2D11-4B95-99B7-E73BA2B7DE62}
	EndGlobalSection
EndGlobal
